lockfileVersion: '9.0'

settings:
  autoInstallPeers: true
  excludeLinksFromLockfile: false

importers:

  .:
    dependencies:
      clipanion:
        specifier: 4.0.0-rc.3
        version: 4.0.0-rc.3(typanion@3.14.0)
      typescript:
        specifier: 5.5.0-dev.20240524
        version: 5.5.0-dev.20240524
    devDependencies:
      '@types/node':
        specifier: 16.6.2
        version: 16.6.2

packages:

  '@types/node@16.6.2':
    resolution: {integrity: sha512-LSw8TZt12ZudbpHc6EkIyDM3nHVWKYrAvGy6EAJfNfjusbwnThqjqxUKKRwuV3iWYeW/LYMzNgaq3MaLffQ2xA==}

  clipanion@4.0.0-rc.3:
    resolution: {integrity: sha512-+rJOJMt2N6Oikgtfqmo/Duvme7uz3SIedL2b6ycgCztQMiTfr3aQh2DDyLHl+QUPClKMNpSg3gDJFvNQYIcq1g==}
    peerDependencies:
      typanion: '*'

  typanion@3.14.0:
    resolution: {integrity: sha512-ZW/lVMRabETuYCd9O9ZvMhAh8GslSqaUjxmK/JLPCh6l73CvLBiuXswj/+7LdnWOgYsQ130FqLzFz5aGT4I3Ug==}

  typescript@5.5.0-dev.20240524:
    resolution: {integrity: sha512-x37/rBPLFB451GxMIKP4oVm18+iMs34VzcbyoqDLHX8+TfGZdiTEIfZOi2p6nWJTV6jmd8qyIc6KnAR9tHWxsw==}
    engines: {node: '>=14.17'}
    hasBin: true

snapshots:

  '@types/node@16.6.2': {}

  clipanion@4.0.0-rc.3(typanion@3.14.0):
    dependencies:
      typanion: 3.14.0

  typanion@3.14.0: {}

  typescript@5.5.0-dev.20240524: {}
