lockfileVersion: '6.0'

settings:
  autoInstallPeers: true
  excludeLinksFromLockfile: false

dependencies:
  clipanion:
    specifier: 4.0.0-rc.3
    version: 4.0.0-rc.3(typanion@3.14.0)
  typescript:
    specifier: 5.5.0-dev.20240521
    version: 5.5.0-dev.20240521

devDependencies:
  '@types/node':
    specifier: 16.6.2
    version: 16.6.2

packages:

  /@types/node@16.6.2:
    resolution: {integrity: sha512-LSw8TZt12ZudbpHc6EkIyDM3nHVWKYrAvGy6EAJfNfjusbwnThqjqxUKKRwuV3iWYeW/LYMzNgaq3MaLffQ2xA==}
    dev: true

  /clipanion@4.0.0-rc.3(typanion@3.14.0):
    resolution: {integrity: sha512-+rJOJMt2N6Oikgtfqmo/Duvme7uz3SIedL2b6ycgCztQMiTfr3aQh2DDyLHl+QUPClKMNpSg3gDJFvNQYIcq1g==}
    peerDependencies:
      typanion: '*'
    dependencies:
      typanion: 3.14.0
    dev: false

  /typanion@3.14.0:
    resolution: {integrity: sha512-ZW/lVMRabETuYCd9O9ZvMhAh8GslSqaUjxmK/JLPCh6l73CvLBiuXswj/+7LdnWOgYsQ130FqLzFz5aGT4I3Ug==}
    dev: false

  /typescript@5.5.0-dev.20240521:
    resolution: {integrity: sha512-52WLKX9mbRmStK1lb30KM78dSo5ssgQT8WQERYiv8JihXir4HUgwlgTz4crExojzpsGjFGFJROL/bZrhXUiOEQ==}
    engines: {node: '>=14.17'}
    hasBin: true
    dev: false
